{
    "_readme": [
        "This file locks the dependencies of your project to a known state",
        "Read more about it at https://getcomposer.org/doc/01-basic-usage.md#installing-dependencies",
        "This file is @generated automatically"
    ],
    "content-hash": "ece608e0cabf3c23fc8c19021c622c84",
    "packages": [
        {
            "name": "arcadier/test-packagist-sdk",
            "version": "v1.3",
            "source": {
                "type": "git",
                "url": "https://github.com/Arcadier/TestPackagistSDK.git",
                "reference": "9adbec7cdab4063140d8675b76e607e7e821120c"
            },
            "dist": {
                "type": "zip",
                "url": "https://api.github.com/repos/Arcadier/TestPackagistSDK/zipball/9adbec7cdab4063140d8675b76e607e7e821120c",
                "reference": "9adbec7cdab4063140d8675b76e607e7e821120c",
                "shasum": ""
            },
            "require": {
                "php": "^7.0.0"
            },
            "type": "library",
            "notification-url": "https://packagist.org/downloads/",
            "description": "API SDK in PHP",
            "time": "2020-07-27T03:18:25+00:00"
        }
    ],
    "packages-dev": [],
    "aliases": [],
    "minimum-stability": "stable",
    "stability-flags": [],
    "prefer-stable": false,
    "prefer-lowest": false,
    "platform": [],
    "platform-dev": [],
    "plugin-api-version": "1.1.0"
}
